<?xml version="1.0" encoding="utf-8"?>
<Project ToolsVersion="4.0" xmlns="http://schemas.microsoft.com/developer/msbuild/2003">
  <ItemGroup>
    <Filter Include="dependencies">
      <UniqueIdentifier>{8CAD9F58-7810-2FFD-2196-67B30DD8FA7F}</UniqueIdentifier>
    </Filter>
    <Filter Include="dependencies\ImGui">
      <UniqueIdentifier>{B61BCFBA-A2FF-8F10-0B60-8A63F7627A92}</UniqueIdentifier>
    </Filter>
    <Filter Include="src">
      <UniqueIdentifier>{2DAB880B-99B4-887C-2230-9F7C8E38947C}</UniqueIdentifier>
    </Filter>
  </ItemGroup>
  <ItemGroup>
    <ClInclude Include="dependencies\ImGui\imconfig.h">
      <Filter>dependencies\ImGui</Filter>
    </ClInclude>
    <ClInclude Include="dependencies\ImGui\imgui.h">
      <Filter>dependencies\ImGui</Filter>
    </ClInclude>
    <ClInclude Include="dependencies\ImGui\imgui_impl_glfw.h">
      <Filter>dependencies\ImGui</Filter>
    </ClInclude>
    <ClInclude Include="dependencies\ImGui\imgui_impl_opengl3.h">
      <Filter>dependencies\ImGui</Filter>
    </ClInclude>
    <ClInclude Include="dependencies\ImGui\imgui_impl_opengl3_loader.h">
      <Filter>dependencies\ImGui</Filter>
    </ClInclude>
    <ClInclude Include="dependencies\ImGui\imgui_internal.h">
      <Filter>dependencies\ImGui</Filter>
    </ClInclude>
    <ClInclude Include="dependencies\ImGui\imstb_rectpack.h">
      <Filter>dependencies\ImGui</Filter>
    </ClInclude>
    <ClInclude Include="dependencies\ImGui\imstb_textedit.h">
      <Filter>dependencies\ImGui</Filter>
    </ClInclude>
    <ClInclude Include="dependencies\ImGui\imstb_truetype.h">
      <Filter>dependencies\ImGui</Filter>
    </ClInclude>
  </ItemGroup>
  <ItemGroup>
    <ClCompile Include="dependencies\ImGui\imgui.cpp">
      <Filter>dependencies\ImGui</Filter>
    </ClCompile>
    <ClCompile Include="dependencies\ImGui\imgui_demo.cpp">
      <Filter>dependencies\ImGui</Filter>
    </ClCompile>
    <ClCompile Include="dependencies\ImGui\imgui_draw.cpp">
      <Filter>dependencies\ImGui</Filter>
    </ClCompile>
    <ClCompile Include="dependencies\ImGui\imgui_impl_glfw.cpp">
      <Filter>dependencies\ImGui</Filter>
    </ClCompile>
    <ClCompile Include="dependencies\ImGui\imgui_impl_opengl3.cpp">
      <Filter>dependencies\ImGui</Filter>
    </ClCompile>
    <ClCompile Include="dependencies\ImGui\imgui_tables.cpp">
      <Filter>dependencies\ImGui</Filter>
    </ClCompile>
    <ClCompile Include="dependencies\ImGui\imgui_widgets.cpp">
      <Filter>dependencies\ImGui</Filter>
    </ClCompile>
    <ClCompile Include="src\Application.cpp">
      <Filter>src</Filter>
    </ClCompile>
    <ClCompile Include="src\glad.c">
      <Filter>src</Filter>
    </ClCompile>
  </ItemGroup>
</Project>